
Microsoft Visual Studio Solution File, Format Version 12.00
# Visual Studio 2013
VisualStudioVersion = 12.0.30501.0
MinimumVisualStudioVersion = 10.0.40219.1
Project("{FAE04EC0-301F-11D3-BF4B-00C04F79EFBC}") = "2015.11.15-HW-TASK-MANAGER", "2015.11.15-HW-TASK-MANAGER\2015.11.15-HW-TASK-MANAGER.csproj", "{55EFF6C4-F130-4952-985D-008E9CD34792}"
EndProject
Global
	GlobalSection(SolutionConfigurationPlatforms) = preSolution
		Debug|Any CPU = Debug|Any CPU
		Release|Any CPU = Release|Any CPU
	EndGlobalSection
	GlobalSection(ProjectConfigurationPlatforms) = postSolution
		{55EFF6C4-F130-4952-985D-008E9CD34792}.Debug|Any CPU.ActiveCfg = Debug|Any CPU
		{55EFF6C4-F130-4952-985D-008E9CD34792}.Debug|Any CPU.Build.0 = Debug|Any CPU
		{55EFF6C4-F130-4952-985D-008E9CD34792}.Release|Any CPU.ActiveCfg = Release|Any CPU
		{55EFF6C4-F130-4952-985D-008E9CD34792}.Release|Any CPU.Build.0 = Release|Any CPU
	EndGlobalSection
	GlobalSection(SolutionProperties) = preSolution
		HideSolutionNode = FALSE
	EndGlobalSection
EndGlobal
